
Microsoft Visual Studio Solution File, Format Version 12.00
# Visual Studio 14
VisualStudioVersion = 14.0.25420.1
MinimumVisualStudioVersion = 10.0.40219.1
Project("{FAE04EC0-301F-11D3-BF4B-00C04F79EFBC}") = "Task1", "Task1\Task1.csproj", "{50FF3668-347C-4AD7-BB7A-055E038D866B}"
EndProject
Project("{FAE04EC0-301F-11D3-BF4B-00C04F79EFBC}") = "Task2", "Task2\Task2.csproj", "{7D490B0F-B39D-4C24-B2D7-960915CB6B5C}"
EndProject
Project("{FAE04EC0-301F-11D3-BF4B-00C04F79EFBC}") = "Task3", "Task3\Task3.csproj", "{E32EA48A-73DD-4CF1-8C16-3233354A8EF1}"
EndProject
Project("{FAE04EC0-301F-11D3-BF4B-00C04F79EFBC}") = "Task3.DDT", "Task3.DDT\Task3.DDT.csproj", "{FD77E63C-3304-4422-8A39-04AC42943F22}"
EndProject
Project("{FAE04EC0-301F-11D3-BF4B-00C04F79EFBC}") = "Task1.NUnitTests", "Task1.NUnitTests\Task1.NUnitTests.csproj", "{4FA662E7-A130-4E6D-84C7-5ABE1E588CBC}"
EndProject
Project("{FAE04EC0-301F-11D3-BF4B-00C04F79EFBC}") = "Task2.NUnitTests", "Task2.NUnitTests\Task2.NUnitTests.csproj", "{58B67EC3-73C4-47C6-BC6C-94965620EFA3}"
EndProject
Global
	GlobalSection(SolutionConfigurationPlatforms) = preSolution
		Debug|Any CPU = Debug|Any CPU
		Release|Any CPU = Release|Any CPU
	EndGlobalSection
	GlobalSection(ProjectConfigurationPlatforms) = postSolution
		{50FF3668-347C-4AD7-BB7A-055E038D866B}.Debug|Any CPU.ActiveCfg = Debug|Any CPU
		{50FF3668-347C-4AD7-BB7A-055E038D866B}.Debug|Any CPU.Build.0 = Debug|Any CPU
		{50FF3668-347C-4AD7-BB7A-055E038D866B}.Release|Any CPU.ActiveCfg = Release|Any CPU
		{50FF3668-347C-4AD7-BB7A-055E038D866B}.Release|Any CPU.Build.0 = Release|Any CPU
		{7D490B0F-B39D-4C24-B2D7-960915CB6B5C}.Debug|Any CPU.ActiveCfg = Debug|Any CPU
		{7D490B0F-B39D-4C24-B2D7-960915CB6B5C}.Debug|Any CPU.Build.0 = Debug|Any CPU
		{7D490B0F-B39D-4C24-B2D7-960915CB6B5C}.Release|Any CPU.ActiveCfg = Release|Any CPU
		{7D490B0F-B39D-4C24-B2D7-960915CB6B5C}.Release|Any CPU.Build.0 = Release|Any CPU
		{E32EA48A-73DD-4CF1-8C16-3233354A8EF1}.Debug|Any CPU.ActiveCfg = Debug|Any CPU
		{E32EA48A-73DD-4CF1-8C16-3233354A8EF1}.Debug|Any CPU.Build.0 = Debug|Any CPU
		{E32EA48A-73DD-4CF1-8C16-3233354A8EF1}.Release|Any CPU.ActiveCfg = Release|Any CPU
		{E32EA48A-73DD-4CF1-8C16-3233354A8EF1}.Release|Any CPU.Build.0 = Release|Any CPU
		{FD77E63C-3304-4422-8A39-04AC42943F22}.Debug|Any CPU.ActiveCfg = Debug|Any CPU
		{FD77E63C-3304-4422-8A39-04AC42943F22}.Debug|Any CPU.Build.0 = Debug|Any CPU
		{FD77E63C-3304-4422-8A39-04AC42943F22}.Release|Any CPU.ActiveCfg = Release|Any CPU
		{FD77E63C-3304-4422-8A39-04AC42943F22}.Release|Any CPU.Build.0 = Release|Any CPU
		{4FA662E7-A130-4E6D-84C7-5ABE1E588CBC}.Debug|Any CPU.ActiveCfg = Debug|Any CPU
		{4FA662E7-A130-4E6D-84C7-5ABE1E588CBC}.Debug|Any CPU.Build.0 = Debug|Any CPU
		{4FA662E7-A130-4E6D-84C7-5ABE1E588CBC}.Release|Any CPU.ActiveCfg = Release|Any CPU
		{4FA662E7-A130-4E6D-84C7-5ABE1E588CBC}.Release|Any CPU.Build.0 = Release|Any CPU
		{58B67EC3-73C4-47C6-BC6C-94965620EFA3}.Debug|Any CPU.ActiveCfg = Debug|Any CPU
		{58B67EC3-73C4-47C6-BC6C-94965620EFA3}.Debug|Any CPU.Build.0 = Debug|Any CPU
		{58B67EC3-73C4-47C6-BC6C-94965620EFA3}.Release|Any CPU.ActiveCfg = Release|Any CPU
		{58B67EC3-73C4-47C6-BC6C-94965620EFA3}.Release|Any CPU.Build.0 = Release|Any CPU
	EndGlobalSection
	GlobalSection(SolutionProperties) = preSolution
		HideSolutionNode = FALSE
	EndGlobalSection
EndGlobal
